<?xml version="1.0" encoding="utf-8"?>
<Project ToolsVersion="4.0" xmlns="http://schemas.microsoft.com/developer/msbuild/2003">
  <ItemGroup>
    <Filter Include="Source Files">
      <UniqueIdentifier>{4FC737F1-C7A5-4376-A066-2A32D752A2FF}</UniqueIdentifier>
      <Extensions>cpp;c;cc;cxx;def;odl;idl;hpj;bat;asm;asmx</Extensions>
    </Filter>
    <Filter Include="Header Files">
      <UniqueIdentifier>{93995380-89BD-4b04-88EB-625FBE52EBFB}</UniqueIdentifier>
      <Extensions>h;hh;hpp;hxx;hm;inl;inc;xsd</Extensions>
    </Filter>
    <Filter Include="Resource Files">
      <UniqueIdentifier>{D9D6E242-F8AF-46E4-B9FD-80ECBC20BA3E}</UniqueIdentifier>
      <Extensions>qrc;*</Extensions>
      <ParseFiles>false</ParseFiles>
    </Filter>
    <Filter Include="Form Files">
      <UniqueIdentifier>{99349809-55BA-4b9d-BF79-8FDBB0286EB3}</UniqueIdentifier>
      <Extensions>ui</Extensions>
    </Filter>
    <Filter Include="Resource Files">
      <UniqueIdentifier>{D9D6E242-F8AF-46E4-B9FD-80ECBC20BA3E}</UniqueIdentifier>
      <Extensions>qrc;*</Extensions>
      <ParseFiles>false</ParseFiles>
    </Filter>
    <Filter Include="Generated Files">
      <UniqueIdentifier>{71ED8ED8-ACB9-4CE9-BBE1-E00B30144E11}</UniqueIdentifier>
      <Extensions>moc;h;cpp</Extensions>
      <SourceControlFiles>False</SourceControlFiles>
    </Filter>
    <Filter Include="Source Files\Model">
      <UniqueIdentifier>{799fcfde-2cb7-471f-bbc9-89afc382883c}</UniqueIdentifier>
    </Filter>
    <Filter Include="Header Files\Model">
      <UniqueIdentifier>{9d55fcf6-a17d-4991-8de8-60f452f3af3e}</UniqueIdentifier>
    </Filter>
    <Filter Include="Header Files\View">
      <UniqueIdentifier>{a9439723-42a6-4e40-9041-6d16c82a9e31}</UniqueIdentifier>
    </Filter>
    <Filter Include="Header Files\Control">
      <UniqueIdentifier>{716adbc4-cb65-423b-b91c-fa425ae80ebb}</UniqueIdentifier>
    </Filter>
    <Filter Include="Source Files\View">
      <UniqueIdentifier>{ad3be88b-cc05-48cc-9cb5-b18660c2d44a}</UniqueIdentifier>
    </Filter>
    <Filter Include="Source Files\Control">
      <UniqueIdentifier>{098bc188-ff1e-47ff-8b62-726b5a01214a}</UniqueIdentifier>
    </Filter>
    <Filter Include="Header Files\Others">
      <UniqueIdentifier>{0fa43417-1831-435e-bc33-0ccad2fe7948}</UniqueIdentifier>
    </Filter>
    <Filter Include="Source Files\Others">
      <UniqueIdentifier>{4e488ff8-cfbc-4ea3-a19d-4b10bed9b472}</UniqueIdentifier>
    </Filter>
    <Filter Include="Source Files\Others\hardwarp">
      <UniqueIdentifier>{dbc5d978-b5df-44ae-9686-c79f6dbbbdf5}</UniqueIdentifier>
    </Filter>
    <Filter Include="Source Files\Others\globalfuncs">
      <UniqueIdentifier>{88a97ce6-8be4-418d-8d2a-153cfe1830ec}</UniqueIdentifier>
    </Filter>
    <Filter Include="Header Files\Others\HardWarp">
      <UniqueIdentifier>{61ac50f1-d255-40ca-b17a-cfc488a282fa}</UniqueIdentifier>
    </Filter>
    <Filter Include="Header Files\Others\globalFuncs">
      <UniqueIdentifier>{7c35a1d4-7ab6-4a12-8ce0-461b7d36ba38}</UniqueIdentifier>
    </Filter>
  </ItemGroup>
  <ItemGroup>
    <ClCompile Include="main.cpp">
      <Filter>Source Files</Filter>
    </ClCompile>
    <ClCompile Include="QtGuiApplication1.cpp">
      <Filter>Source Files</Filter>
    </ClCompile>
    <ClCompile Include="calibrationModuleModel.cpp">
      <Filter>Source Files\Model</Filter>
    </ClCompile>
    <ClCompile Include="hardWarpModuleModel.cpp">
      <Filter>Source Files\Model</Filter>
    </ClCompile>
    <ClCompile Include="displayModuleModel.cpp">
      <Filter>Source Files\Model</Filter>
    </ClCompile>
    <ClCompile Include="navigationModuleModel.cpp">
      <Filter>Source Files\Model</Filter>
    </ClCompile>
    <ClCompile Include="patientManageModuleModel.cpp">
      <Filter>Source Files\Model</Filter>
    </ClCompile>
    <ClCompile Include="initModuleModel.cpp">
      <Filter>Source Files\Model</Filter>
    </ClCompile>
    <ClCompile Include="errorHandleModule.cpp">
      <Filter>Source Files\Model</Filter>
    </ClCompile>
    <ClCompile Include="allModuleModel.cpp">
      <Filter>Source Files\Model</Filter>
    </ClCompile>
    <ClCompile Include="wizardDlgView.cpp">
      <Filter>Source Files\View</Filter>
    </ClCompile>
    <ClCompile Include="wizardDlgControl.cpp">
      <Filter>Source Files\Control</Filter>
    </ClCompile>
    <ClCompile Include="communicationModuleModel.cpp">
      <Filter>Source Files\Model</Filter>
    </ClCompile>
    <ClCompile Include="Tracker.cpp">
      <Filter>Source Files\Others\hardwarp</Filter>
    </ClCompile>
    <ClCompile Include="allWorld.cpp">
      <Filter>Source Files\Others\globalfuncs</Filter>
    </ClCompile>
    <ClCompile Include="config.cpp">
      <Filter>Source Files\Others\globalfuncs</Filter>
    </ClCompile>
    <ClCompile Include="allWorld.h">
      <Filter>Header Files\Others\globalFuncs</Filter>
    </ClCompile>
    <ClCompile Include="IMri.cpp">
      <Filter>Source Files\Others\hardwarp</Filter>
    </ClCompile>
  </ItemGroup>
  <ItemGroup>
    <QtMoc Include="QtGuiApplication1.h">
      <Filter>Header Files</Filter>
    </QtMoc>
    <QtMoc Include="wizardDlgView.h">
      <Filter>Header Files\View</Filter>
    </QtMoc>
  </ItemGroup>
  <ItemGroup>
    <QtUic Include="QtGuiApplication1.ui">
      <Filter>Form Files</Filter>
    </QtUic>
  </ItemGroup>
  <ItemGroup>
    <ClInclude Include="calibrationModuleModel.h">
      <Filter>Header Files\Model</Filter>
    </ClInclude>
    <ClInclude Include="communicationModuleModel.h">
      <Filter>Header Files\Model</Filter>
    </ClInclude>
    <ClInclude Include="displayModuleModel.h">
      <Filter>Header Files\Model</Filter>
    </ClInclude>
    <ClInclude Include="hardWarpModuleModel.h">
      <Filter>Header Files\Model</Filter>
    </ClInclude>
    <ClInclude Include="initModuleModel.h">
      <Filter>Header Files\Model</Filter>
    </ClInclude>
    <ClInclude Include="navigationModuleModel.h">
      <Filter>Header Files\Model</Filter>
    </ClInclude>
    <ClInclude Include="patientManageModuleModel.h">
      <Filter>Header Files\Model</Filter>
    </ClInclude>
    <ClInclude Include="errorHandleModule.h">
      <Filter>Header Files\Model</Filter>
    </ClInclude>
    <ClInclude Include="wizardDlgControl.h">
      <Filter>Header Files\Control</Filter>
    </ClInclude>
    <ClInclude Include="allModuleModel.h">
      <Filter>Header Files\Model</Filter>
    </ClInclude>
    <ClInclude Include="IMri.h">
      <Filter>Header Files\Others\HardWarp</Filter>
    </ClInclude>
    <ClInclude Include="Tracker.h">
      <Filter>Header Files\Others\HardWarp</Filter>
    </ClInclude>
    <ClInclude Include="Config.h">
      <Filter>Header Files\Others\globalFuncs</Filter>
    </ClInclude>
    <ClInclude Include="configTag.h">
      <Filter>Header Files\Others\globalFuncs</Filter>
    </ClInclude>
    <ClInclude Include="types.h">
      <Filter>Header Files\Others\globalFuncs</Filter>
    </ClInclude>
  </ItemGroup>
  <ItemGroup>
    <QtRcc Include="PanaSee.qrc">
      <Filter>Resource Files</Filter>
    </QtRcc>
  </ItemGroup>
</Project>